
Microsoft Visual Studio Solution File, Format Version 12.00
# Visual Studio 15
VisualStudioVersion = 15.0.27130.2020
MinimumVisualStudioVersion = 10.0.40219.1
Project("{FAE04EC0-301F-11D3-BF4B-00C04F79EFBC}") = "Gamrzone.MVC", "Gamrzone\Gamrzone.MVC.csproj", "{7897A95B-4F59-49BA-8E83-F0C7AE3B83F0}"
EndProject
Project("{FAE04EC0-301F-11D3-BF4B-00C04F79EFBC}") = "Gamrzone.EF", "Gamrzone.EF\Gamrzone.EF.csproj", "{3B6CF67F-0B93-4EA3-8879-09FCEB8D10DA}"
EndProject
Global
	GlobalSection(SolutionConfigurationPlatforms) = preSolution
		Debug|Any CPU = Debug|Any CPU
		Release|Any CPU = Release|Any CPU
	EndGlobalSection
	GlobalSection(ProjectConfigurationPlatforms) = postSolution
		{7897A95B-4F59-49BA-8E83-F0C7AE3B83F0}.Debug|Any CPU.ActiveCfg = Debug|Any CPU
		{7897A95B-4F59-49BA-8E83-F0C7AE3B83F0}.Debug|Any CPU.Build.0 = Debug|Any CPU
		{7897A95B-4F59-49BA-8E83-F0C7AE3B83F0}.Release|Any CPU.ActiveCfg = Release|Any CPU
		{7897A95B-4F59-49BA-8E83-F0C7AE3B83F0}.Release|Any CPU.Build.0 = Release|Any CPU
		{3B6CF67F-0B93-4EA3-8879-09FCEB8D10DA}.Debug|Any CPU.ActiveCfg = Debug|Any CPU
		{3B6CF67F-0B93-4EA3-8879-09FCEB8D10DA}.Debug|Any CPU.Build.0 = Debug|Any CPU
		{3B6CF67F-0B93-4EA3-8879-09FCEB8D10DA}.Release|Any CPU.ActiveCfg = Release|Any CPU
		{3B6CF67F-0B93-4EA3-8879-09FCEB8D10DA}.Release|Any CPU.Build.0 = Release|Any CPU
	EndGlobalSection
	GlobalSection(SolutionProperties) = preSolution
		HideSolutionNode = FALSE
	EndGlobalSection
	GlobalSection(ExtensibilityGlobals) = postSolution
		SolutionGuid = {B1D20D09-219E-4E27-8120-B0EB8491ED96}
	EndGlobalSection
EndGlobal
